
Microsoft Visual Studio Solution File, Format Version 12.00
# Visual Studio Version 16
VisualStudioVersion = 25.0.1704.4
MinimumVisualStudioVersion = 10.0.40219.1
Project("{FAE04EC0-301F-11D3-BF4B-00C04F79EFBC}") = "CallOfDutyAPI", "CallOfDutyAPI\CallOfDutyAPI.csproj", "{FBF75C16-C62C-4E73-A06D-0A2A24BC2528}"
EndProject
Global
	GlobalSection(SolutionConfigurationPlatforms) = preSolution
		Debug|Any CPU = Debug|Any CPU
		Release|Any CPU = Release|Any CPU
	EndGlobalSection
	GlobalSection(ProjectConfigurationPlatforms) = postSolution
		{FBF75C16-C62C-4E73-A06D-0A2A24BC2528}.Debug|Any CPU.ActiveCfg = Debug|Any CPU
		{FBF75C16-C62C-4E73-A06D-0A2A24BC2528}.Debug|Any CPU.Build.0 = Debug|Any CPU
		{FBF75C16-C62C-4E73-A06D-0A2A24BC2528}.Release|Any CPU.ActiveCfg = Release|Any CPU
		{FBF75C16-C62C-4E73-A06D-0A2A24BC2528}.Release|Any CPU.Build.0 = Release|Any CPU
	EndGlobalSection
	GlobalSection(SolutionProperties) = preSolution
		HideSolutionNode = FALSE
	EndGlobalSection
	GlobalSection(ExtensibilityGlobals) = postSolution
		SolutionGuid = {EC07ED09-11F6-4F47-97AD-28B8BE1B3CDC}
	EndGlobalSection
EndGlobal
